// !$*UTF8*$!
{
	archiveVersion = 1;
	classes = {
	};
	objectVersion = 52;
	objects = {

/* Begin PBXBuildFile section */
		98C78A5564FC4ED9140DC34F /* Pods_carnival.framework in Frameworks */ = {isa = PBXBuildFile; fileRef = 91A9F2CD9D278CCD108A377F /* Pods_carnival.framework */; };
		9981DAB4E6D2659E20087E1F /* Pods_Carnival_Clip.framework in Frameworks */ = {isa = PBXBuildFile; fileRef = FB45CF4521C4D1F855450D50 /* Pods_Carnival_Clip.framework */; };
		BE74D431D3D22AF1D85D50F0 /* Pods_carnivaladmin.framework in Frameworks */ = {isa = PBXBuildFile; fileRef = 29D08CB3FE055FC27A410672 /* Pods_carnivaladmin.framework */; };
		E7DF7832D08D962C97C844DF /* Pods_carnivalmac.framework in Frameworks */ = {isa = PBXBuildFile; fileRef = 117D226B48A36AC04578CA68 /* Pods_carnivalmac.framework */; };
		F00104962642627900F14A11 /* apprecognizers.swift in Sources */ = {isa = PBXBuildFile; fileRef = F00104952642627900F14A11 /* apprecognizers.swift */; };
		F00104972642627900F14A11 /* apprecognizers.swift in Sources */ = {isa = PBXBuildFile; fileRef = F00104952642627900F14A11 /* apprecognizers.swift */; };
		F00104A826426BE900F14A11 /* Assets.xcassets in Resources */ = {isa = PBXBuildFile; fileRef = F00104A726426BE900F14A11 /* Assets.xcassets */; };
		F00104AB26426BE900F14A11 /* LaunchScreen.storyboard in Resources */ = {isa = PBXBuildFile; fileRef = F00104A926426BE900F14A11 /* LaunchScreen.storyboard */; };
		F00104B026426BE900F14A11 /* Carnival Clip.app in Embed App Clips */ = {isa = PBXBuildFile; fileRef = F001049C26426BE600F14A11 /* Carnival Clip.app */; settings = {ATTRIBUTES = (RemoveHeadersOnCopy, ); }; };
		F00104B526426CE700F14A11 /* AppDelegate.swift in Sources */ = {isa = PBXBuildFile; fileRef = F092DCF826425EB800E0B938 /* AppDelegate.swift */; };
		F00104B626426CF200F14A11 /* Main.storyboard in Resources */ = {isa = PBXBuildFile; fileRef = F092DCC3264259F700E0B938 /* Main.storyboard */; };
		F00104B726426D0C00F14A11 /* Assets.xcassets in Resources */ = {isa = PBXBuildFile; fileRef = F0D6537C261352620086453D /* Assets.xcassets */; };
		F00104B826426D2200F14A11 /* SceneDelegate.swift in Sources */ = {isa = PBXBuildFile; fileRef = F092DCFA26425EB800E0B938 /* SceneDelegate.swift */; };
		F00104B926426D2D00F14A11 /* ViewController.swift in Sources */ = {isa = PBXBuildFile; fileRef = F092DCFC26425EB800E0B938 /* ViewController.swift */; };
		F00104BA26426D5000F14A11 /* apprecognizers.swift in Sources */ = {isa = PBXBuildFile; fileRef = F00104952642627900F14A11 /* apprecognizers.swift */; };
		F00104BB26426D5300F14A11 /* buttonstyles.swift in Sources */ = {isa = PBXBuildFile; fileRef = F092DC732641A9E300E0B938 /* buttonstyles.swift */; };
		F00104BC26426D5500F14A11 /* liveUpdatingTextView.swift in Sources */ = {isa = PBXBuildFile; fileRef = F092DC7526421D6D00E0B938 /* liveUpdatingTextView.swift */; };
		F00104BD26426D5800F14A11 /* refreshableScrollview.swift in Sources */ = {isa = PBXBuildFile; fileRef = F0EDFDA32615A6E70046B00F /* refreshableScrollview.swift */; };
		F00104BE26426D5A00F14A11 /* previewData.swift in Sources */ = {isa = PBXBuildFile; fileRef = F0D653B0261352AF0086453D /* previewData.swift */; };
		F00104BF26426D5C00F14A11 /* carnivalKaren.swift in Sources */ = {isa = PBXBuildFile; fileRef = F0D653AB261352910086453D /* carnivalKaren.swift */; };
		F00104C026426FDA00F14A11 /* ContentView.swift in Sources */ = {isa = PBXBuildFile; fileRef = F0D6537A261352610086453D /* ContentView.swift */; };
		F00104C126426FDC00F14A11 /* rankentry.swift in Sources */ = {isa = PBXBuildFile; fileRef = F092DC712641A09B00E0B938 /* rankentry.swift */; };
		F00104C3264277AD00F14A11 /* AdminAssets.xcassets in Resources */ = {isa = PBXBuildFile; fileRef = F00104C2264277AD00F14A11 /* AdminAssets.xcassets */; };
		F00FBC262643621800186BCB /* carnivalmacApp.swift in Sources */ = {isa = PBXBuildFile; fileRef = F00FBC252643621800186BCB /* carnivalmacApp.swift */; };
		F00FBC282643621800186BCB /* ContentView.swift in Sources */ = {isa = PBXBuildFile; fileRef = F00FBC272643621800186BCB /* ContentView.swift */; };
		F00FBC2A2643621B00186BCB /* Assets.xcassets in Resources */ = {isa = PBXBuildFile; fileRef = F00FBC292643621B00186BCB /* Assets.xcassets */; };
		F00FBC2D2643621B00186BCB /* Preview Assets.xcassets in Resources */ = {isa = PBXBuildFile; fileRef = F00FBC2C2643621B00186BCB /* Preview Assets.xcassets */; };
		F00FBC3326436C6700186BCB /* carnivalKaren.swift in Sources */ = {isa = PBXBuildFile; fileRef = F0D653AB261352910086453D /* carnivalKaren.swift */; };
		F00FBC3426436C6A00186BCB /* Assets.xcassets in Resources */ = {isa = PBXBuildFile; fileRef = F0D6537C261352620086453D /* Assets.xcassets */; };
		F00FBC3526436C6E00186BCB /* previewData.swift in Sources */ = {isa = PBXBuildFile; fileRef = F0D653B0261352AF0086453D /* previewData.swift */; };
		F00FBC3926436C7900186BCB /* buttonstyles.swift in Sources */ = {isa = PBXBuildFile; fileRef = F092DC732641A9E300E0B938 /* buttonstyles.swift */; };
		F092DCF926425EB800E0B938 /* AppDelegate.swift in Sources */ = {isa = PBXBuildFile; fileRef = F092DCF826425EB800E0B938 /* AppDelegate.swift */; };
		F092DCFB26425EB800E0B938 /* SceneDelegate.swift in Sources */ = {isa = PBXBuildFile; fileRef = F092DCFA26425EB800E0B938 /* SceneDelegate.swift */; };
		F092DCFD26425EB800E0B938 /* ViewController.swift in Sources */ = {isa = PBXBuildFile; fileRef = F092DCFC26425EB800E0B938 /* ViewController.swift */; };
		F092DD0226425EBA00E0B938 /* AccessAssets.xcassets in Resources */ = {isa = PBXBuildFile; fileRef = F092DD0126425EBA00E0B938 /* AccessAssets.xcassets */; };
		F092DD0526425EBA00E0B938 /* LaunchScreen.storyboard in Resources */ = {isa = PBXBuildFile; fileRef = F092DD0326425EBA00E0B938 /* LaunchScreen.storyboard */; };
		F092DD0A26425FB500E0B938 /* Main.storyboard in Resources */ = {isa = PBXBuildFile; fileRef = F092DCC3264259F700E0B938 /* Main.storyboard */; };
		F092DD0B26425FC800E0B938 /* rankentry.swift in Sources */ = {isa = PBXBuildFile; fileRef = F092DC712641A09B00E0B938 /* rankentry.swift */; };
		F092DD0C26425FCF00E0B938 /* ContentView.swift in Sources */ = {isa = PBXBuildFile; fileRef = F0D6537A261352610086453D /* ContentView.swift */; };
		F092DD0E26425FF900E0B938 /* buttonstyles.swift in Sources */ = {isa = PBXBuildFile; fileRef = F092DC732641A9E300E0B938 /* buttonstyles.swift */; };
		F092DD0F26425FF900E0B938 /* buttonstyles.swift in Sources */ = {isa = PBXBuildFile; fileRef = F092DC732641A9E300E0B938 /* buttonstyles.swift */; };
		F092DD1026425FFC00E0B938 /* refreshableScrollview.swift in Sources */ = {isa = PBXBuildFile; fileRef = F0EDFDA32615A6E70046B00F /* refreshableScrollview.swift */; };
		F092DD1126425FFE00E0B938 /* liveUpdatingTextView.swift in Sources */ = {isa = PBXBuildFile; fileRef = F092DC7526421D6D00E0B938 /* liveUpdatingTextView.swift */; };
		F092DD1226425FFF00E0B938 /* liveUpdatingTextView.swift in Sources */ = {isa = PBXBuildFile; fileRef = F092DC7526421D6D00E0B938 /* liveUpdatingTextView.swift */; };
		F092DD132642600100E0B938 /* previewData.swift in Sources */ = {isa = PBXBuildFile; fileRef = F0D653B0261352AF0086453D /* previewData.swift */; };
		F092DD142642600300E0B938 /* carnivalKaren.swift in Sources */ = {isa = PBXBuildFile; fileRef = F0D653AB261352910086453D /* carnivalKaren.swift */; };
		F092DD152642600500E0B938 /* Assets.xcassets in Resources */ = {isa = PBXBuildFile; fileRef = F0D6537C261352620086453D /* Assets.xcassets */; };
		F0C81EC626419107005E7E3C /* carnivaladminApp.swift in Sources */ = {isa = PBXBuildFile; fileRef = F0C81EC526419107005E7E3C /* carnivaladminApp.swift */; };
		F0C81ECD26419109005E7E3C /* Preview Assets.xcassets in Resources */ = {isa = PBXBuildFile; fileRef = F0C81ECC26419109005E7E3C /* Preview Assets.xcassets */; };
		F0C81EEF26419148005E7E3C /* ListItem.swift in Sources */ = {isa = PBXBuildFile; fileRef = F0B7EE812613F6DE00363DE5 /* ListItem.swift */; };
		F0C81EF026419148005E7E3C /* modalDismiss.swift in Sources */ = {isa = PBXBuildFile; fileRef = F0B7EE9A26149AB800363DE5 /* modalDismiss.swift */; };
		F0C81EF126419148005E7E3C /* scoreButton.swift in Sources */ = {isa = PBXBuildFile; fileRef = F0B7EE9026146A9300363DE5 /* scoreButton.swift */; };
		F0C81EF226419148005E7E3C /* scoreEditView.swift in Sources */ = {isa = PBXBuildFile; fileRef = F0B7EE952614941400363DE5 /* scoreEditView.swift */; };
		F0C81EF326419148005E7E3C /* AddScoreView.swift in Sources */ = {isa = PBXBuildFile; fileRef = F0D653A6261352770086453D /* AddScoreView.swift */; };
		F0C81EF426419148005E7E3C /* participantDetail.swift in Sources */ = {isa = PBXBuildFile; fileRef = F0B7EEA026153BAF00363DE5 /* participantDetail.swift */; };
		F0C81EF52641915D005E7E3C /* Assets.xcassets in Resources */ = {isa = PBXBuildFile; fileRef = F0D6537C261352620086453D /* Assets.xcassets */; };
		F0C81EF626419161005E7E3C /* previewData.swift in Sources */ = {isa = PBXBuildFile; fileRef = F0D653B0261352AF0086453D /* previewData.swift */; };
		F0C81EF726419163005E7E3C /* carnivalKaren.swift in Sources */ = {isa = PBXBuildFile; fileRef = F0D653AB261352910086453D /* carnivalKaren.swift */; };
		F0C81EF826419184005E7E3C /* refreshableScrollview.swift in Sources */ = {isa = PBXBuildFile; fileRef = F0EDFDA32615A6E70046B00F /* refreshableScrollview.swift */; };
		F0C81EFB264191E3005E7E3C /* SwiftUIRefresh in Frameworks */ = {isa = PBXBuildFile; productRef = F0C81EFA264191E3005E7E3C /* SwiftUIRefresh */; };
		F0D81D982645400000A983EF /* liveUpdatingTextView.swift in Sources */ = {isa = PBXBuildFile; fileRef = F092DC7526421D6D00E0B938 /* liveUpdatingTextView.swift */; };
		F0D81D9A26458DCB00A983EF /* changeState.swift in Sources */ = {isa = PBXBuildFile; fileRef = F0D81D9926458DCB00A983EF /* changeState.swift */; };
		F0D81D9B26458DF200A983EF /* changeState.swift in Sources */ = {isa = PBXBuildFile; fileRef = F0D81D9926458DCB00A983EF /* changeState.swift */; };
		F0D81D9C26458E5600A983EF /* changeState.swift in Sources */ = {isa = PBXBuildFile; fileRef = F0D81D9926458DCB00A983EF /* changeState.swift */; };
		F0D81D9D26458E5700A983EF /* changeState.swift in Sources */ = {isa = PBXBuildFile; fileRef = F0D81D9926458DCB00A983EF /* changeState.swift */; };
/* End PBXBuildFile section */

/* Begin PBXContainerItemProxy section */
		F00104AE26426BE900F14A11 /* PBXContainerItemProxy */ = {
			isa = PBXContainerItemProxy;
			containerPortal = F0D6536D261352600086453D /* Project object */;
			proxyType = 1;
			remoteGlobalIDString = F001049B26426BE600F14A11;
			remoteInfo = "Carnival Clip";
		};
/* End PBXContainerItemProxy section */

/* Begin PBXCopyFilesBuildPhase section */
		F00104B426426BE900F14A11 /* Embed App Clips */ = {
			isa = PBXCopyFilesBuildPhase;
			buildActionMask = 2147483647;
			dstPath = "$(CONTENTS_FOLDER_PATH)/AppClips";
			dstSubfolderSpec = 16;
			files = (
				F00104B026426BE900F14A11 /* Carnival Clip.app in Embed App Clips */,
			);
			name = "Embed App Clips";
			runOnlyForDeploymentPostprocessing = 0;
		};
/* End PBXCopyFilesBuildPhase section */

/* Begin PBXFileReference section */
		117D226B48A36AC04578CA68 /* Pods_carnivalmac.framework */ = {isa = PBXFileReference; explicitFileType = wrapper.framework; includeInIndex = 0; path = Pods_carnivalmac.framework; sourceTree = BUILT_PRODUCTS_DIR; };
		29D08CB3FE055FC27A410672 /* Pods_carnivaladmin.framework */ = {isa = PBXFileReference; explicitFileType = wrapper.framework; includeInIndex = 0; path = Pods_carnivaladmin.framework; sourceTree = BUILT_PRODUCTS_DIR; };
		2CA5DC7A9AEE48190F0F3416 /* Pods-carnivaladmin.release.xcconfig */ = {isa = PBXFileReference; includeInIndex = 1; lastKnownFileType = text.xcconfig; name = "Pods-carnivaladmin.release.xcconfig"; path = "Target Support Files/Pods-carnivaladmin/Pods-carnivaladmin.release.xcconfig"; sourceTree = "<group>"; };
		2EB3082D3067807019B37CA9 /* Pods-Carnival Clip.release.xcconfig */ = {isa = PBXFileReference; includeInIndex = 1; lastKnownFileType = text.xcconfig; name = "Pods-Carnival Clip.release.xcconfig"; path = "Target Support Files/Pods-Carnival Clip/Pods-Carnival Clip.release.xcconfig"; sourceTree = "<group>"; };
		3A17BFCA239E6EDE4C5E776F /* Pods_carnival_carnivalUITests.framework */ = {isa = PBXFileReference; explicitFileType = wrapper.framework; includeInIndex = 0; path = Pods_carnival_carnivalUITests.framework; sourceTree = BUILT_PRODUCTS_DIR; };
		436EB9FCFC6F9AA47B6D1DAD /* Pods-carnivalTests.release.xcconfig */ = {isa = PBXFileReference; includeInIndex = 1; lastKnownFileType = text.xcconfig; name = "Pods-carnivalTests.release.xcconfig"; path = "Target Support Files/Pods-carnivalTests/Pods-carnivalTests.release.xcconfig"; sourceTree = "<group>"; };
		5769AD4F57B879B16011A388 /* Pods_carnivaladminTests.framework */ = {isa = PBXFileReference; explicitFileType = wrapper.framework; includeInIndex = 0; path = Pods_carnivaladminTests.framework; sourceTree = BUILT_PRODUCTS_DIR; };
		65BFF4E3719D77E7AA6ADBF7 /* Pods-carnivaladmin-carnivaladminUITests.debug.xcconfig */ = {isa = PBXFileReference; includeInIndex = 1; lastKnownFileType = text.xcconfig; name = "Pods-carnivaladmin-carnivaladminUITests.debug.xcconfig"; path = "Target Support Files/Pods-carnivaladmin-carnivaladminUITests/Pods-carnivaladmin-carnivaladminUITests.debug.xcconfig"; sourceTree = "<group>"; };
		6C9A3419E08773FF20B553A2 /* Pods-carnivalmac.debug.xcconfig */ = {isa = PBXFileReference; includeInIndex = 1; lastKnownFileType = text.xcconfig; name = "Pods-carnivalmac.debug.xcconfig"; path = "Target Support Files/Pods-carnivalmac/Pods-carnivalmac.debug.xcconfig"; sourceTree = "<group>"; };
		766FA732EE160B97CE16A564 /* Pods_carnivaladmin_carnivaladminUITests.framework */ = {isa = PBXFileReference; explicitFileType = wrapper.framework; includeInIndex = 0; path = Pods_carnivaladmin_carnivaladminUITests.framework; sourceTree = BUILT_PRODUCTS_DIR; };
		91A9F2CD9D278CCD108A377F /* Pods_carnival.framework */ = {isa = PBXFileReference; explicitFileType = wrapper.framework; includeInIndex = 0; path = Pods_carnival.framework; sourceTree = BUILT_PRODUCTS_DIR; };
		960DEDD1A9FA6E0A973B106B /* Pods-carnivalmac.release.xcconfig */ = {isa = PBXFileReference; includeInIndex = 1; lastKnownFileType = text.xcconfig; name = "Pods-carnivalmac.release.xcconfig"; path = "Target Support Files/Pods-carnivalmac/Pods-carnivalmac.release.xcconfig"; sourceTree = "<group>"; };
		97769C8D6A78469C39B8F282 /* Pods-Carnival Clip.debug.xcconfig */ = {isa = PBXFileReference; includeInIndex = 1; lastKnownFileType = text.xcconfig; name = "Pods-Carnival Clip.debug.xcconfig"; path = "Target Support Files/Pods-Carnival Clip/Pods-Carnival Clip.debug.xcconfig"; sourceTree = "<group>"; };
		9863AE450C0264BCF22308F6 /* Pods-carnival.release.xcconfig */ = {isa = PBXFileReference; includeInIndex = 1; lastKnownFileType = text.xcconfig; name = "Pods-carnival.release.xcconfig"; path = "Target Support Files/Pods-carnival/Pods-carnival.release.xcconfig"; sourceTree = "<group>"; };
		9A2844F284C1AC88663DCCE2 /* Pods-carnivaladminTests.debug.xcconfig */ = {isa = PBXFileReference; includeInIndex = 1; lastKnownFileType = text.xcconfig; name = "Pods-carnivaladminTests.debug.xcconfig"; path = "Target Support Files/Pods-carnivaladminTests/Pods-carnivaladminTests.debug.xcconfig"; sourceTree = "<group>"; };
		9F92AB091F66978E014FC347 /* Pods-carnivaladmin-carnivaladminUITests.release.xcconfig */ = {isa = PBXFileReference; includeInIndex = 1; lastKnownFileType = text.xcconfig; name = "Pods-carnivaladmin-carnivaladminUITests.release.xcconfig"; path = "Target Support Files/Pods-carnivaladmin-carnivaladminUITests/Pods-carnivaladmin-carnivaladminUITests.release.xcconfig"; sourceTree = "<group>"; };
		A624A3D6EF182CEBA942587A /* Pods-carnivalTests.debug.xcconfig */ = {isa = PBXFileReference; includeInIndex = 1; lastKnownFileType = text.xcconfig; name = "Pods-carnivalTests.debug.xcconfig"; path = "Target Support Files/Pods-carnivalTests/Pods-carnivalTests.debug.xcconfig"; sourceTree = "<group>"; };
		C0FC50C6235E2DA552F8B5A5 /* Pods-carnival-carnivalUITests.debug.xcconfig */ = {isa = PBXFileReference; includeInIndex = 1; lastKnownFileType = text.xcconfig; name = "Pods-carnival-carnivalUITests.debug.xcconfig"; path = "Target Support Files/Pods-carnival-carnivalUITests/Pods-carnival-carnivalUITests.debug.xcconfig"; sourceTree = "<group>"; };
		CA476EDFB40CFD47D7446336 /* Pods_carnivalTests.framework */ = {isa = PBXFileReference; explicitFileType = wrapper.framework; includeInIndex = 0; path = Pods_carnivalTests.framework; sourceTree = BUILT_PRODUCTS_DIR; };
		CCD3C195C2D2544CA111E00C /* Pods-carnivaladminTests.release.xcconfig */ = {isa = PBXFileReference; includeInIndex = 1; lastKnownFileType = text.xcconfig; name = "Pods-carnivaladminTests.release.xcconfig"; path = "Target Support Files/Pods-carnivaladminTests/Pods-carnivaladminTests.release.xcconfig"; sourceTree = "<group>"; };
		DDAA8602AD427EF12E2DBCE2 /* Pods-carnival-carnivalUITests.release.xcconfig */ = {isa = PBXFileReference; includeInIndex = 1; lastKnownFileType = text.xcconfig; name = "Pods-carnival-carnivalUITests.release.xcconfig"; path = "Target Support Files/Pods-carnival-carnivalUITests/Pods-carnival-carnivalUITests.release.xcconfig"; sourceTree = "<group>"; };
		E6B2C8AA174679B221F0D493 /* Pods-carnival.debug.xcconfig */ = {isa = PBXFileReference; includeInIndex = 1; lastKnownFileType = text.xcconfig; name = "Pods-carnival.debug.xcconfig"; path = "Target Support Files/Pods-carnival/Pods-carnival.debug.xcconfig"; sourceTree = "<group>"; };
		F00104952642627900F14A11 /* apprecognizers.swift */ = {isa = PBXFileReference; lastKnownFileType = sourcecode.swift; path = apprecognizers.swift; sourceTree = "<group>"; };
		F001049C26426BE600F14A11 /* Carnival Clip.app */ = {isa = PBXFileReference; explicitFileType = wrapper.application; includeInIndex = 0; path = "Carnival Clip.app"; sourceTree = BUILT_PRODUCTS_DIR; };
		F00104A726426BE900F14A11 /* Assets.xcassets */ = {isa = PBXFileReference; lastKnownFileType = folder.assetcatalog; path = Assets.xcassets; sourceTree = "<group>"; };
		F00104AA26426BE900F14A11 /* Base */ = {isa = PBXFileReference; lastKnownFileType = file.storyboard; name = Base; path = Base.lproj/LaunchScreen.storyboard; sourceTree = "<group>"; };
		F00104AC26426BE900F14A11 /* Info.plist */ = {isa = PBXFileReference; lastKnownFileType = text.plist.xml; path = Info.plist; sourceTree = "<group>"; };
		F00104AD26426BE900F14A11 /* Carnival_Clip.entitlements */ = {isa = PBXFileReference; lastKnownFileType = text.plist.entitlements; path = Carnival_Clip.entitlements; sourceTree = "<group>"; };
		F00104C2264277AD00F14A11 /* AdminAssets.xcassets */ = {isa = PBXFileReference; lastKnownFileType = folder.assetcatalog; path = AdminAssets.xcassets; sourceTree = "<group>"; };
		F00FBC232643621800186BCB /* carnivalmac.app */ = {isa = PBXFileReference; explicitFileType = wrapper.application; includeInIndex = 0; path = carnivalmac.app; sourceTree = BUILT_PRODUCTS_DIR; };
		F00FBC252643621800186BCB /* carnivalmacApp.swift */ = {isa = PBXFileReference; lastKnownFileType = sourcecode.swift; path = carnivalmacApp.swift; sourceTree = "<group>"; };
		F00FBC272643621800186BCB /* ContentView.swift */ = {isa = PBXFileReference; lastKnownFileType = sourcecode.swift; path = ContentView.swift; sourceTree = "<group>"; };
		F00FBC292643621B00186BCB /* Assets.xcassets */ = {isa = PBXFileReference; lastKnownFileType = folder.assetcatalog; path = Assets.xcassets; sourceTree = "<group>"; };
		F00FBC2C2643621B00186BCB /* Preview Assets.xcassets */ = {isa = PBXFileReference; lastKnownFileType = folder.assetcatalog; path = "Preview Assets.xcassets"; sourceTree = "<group>"; };
		F00FBC2E2643621B00186BCB /* Info.plist */ = {isa = PBXFileReference; lastKnownFileType = text.plist.xml; path = Info.plist; sourceTree = "<group>"; };
		F00FBC2F2643621B00186BCB /* carnivalmac.entitlements */ = {isa = PBXFileReference; lastKnownFileType = text.plist.entitlements; path = carnivalmac.entitlements; sourceTree = "<group>"; };
		F092DC712641A09B00E0B938 /* rankentry.swift */ = {isa = PBXFileReference; lastKnownFileType = sourcecode.swift; path = rankentry.swift; sourceTree = "<group>"; };
		F092DC732641A9E300E0B938 /* buttonstyles.swift */ = {isa = PBXFileReference; lastKnownFileType = sourcecode.swift; path = buttonstyles.swift; sourceTree = "<group>"; };
		F092DC7526421D6D00E0B938 /* liveUpdatingTextView.swift */ = {isa = PBXFileReference; lastKnownFileType = sourcecode.swift; path = liveUpdatingTextView.swift; sourceTree = "<group>"; };
		F092DCC4264259F700E0B938 /* Base */ = {isa = PBXFileReference; lastKnownFileType = file.storyboard; name = Base; path = Base.lproj/Main.storyboard; sourceTree = "<group>"; };
		F092DCF626425EB800E0B938 /* carnival.app */ = {isa = PBXFileReference; explicitFileType = wrapper.application; includeInIndex = 0; path = carnival.app; sourceTree = BUILT_PRODUCTS_DIR; };
		F092DCF826425EB800E0B938 /* AppDelegate.swift */ = {isa = PBXFileReference; lastKnownFileType = sourcecode.swift; path = AppDelegate.swift; sourceTree = "<group>"; };
		F092DCFA26425EB800E0B938 /* SceneDelegate.swift */ = {isa = PBXFileReference; lastKnownFileType = sourcecode.swift; path = SceneDelegate.swift; sourceTree = "<group>"; };
		F092DCFC26425EB800E0B938 /* ViewController.swift */ = {isa = PBXFileReference; lastKnownFileType = sourcecode.swift; path = ViewController.swift; sourceTree = "<group>"; };
		F092DD0126425EBA00E0B938 /* AccessAssets.xcassets */ = {isa = PBXFileReference; lastKnownFileType = folder.assetcatalog; path = AccessAssets.xcassets; sourceTree = "<group>"; };
		F092DD0426425EBA00E0B938 /* Base */ = {isa = PBXFileReference; lastKnownFileType = file.storyboard; name = Base; path = Base.lproj/LaunchScreen.storyboard; sourceTree = "<group>"; };
		F092DD0626425EBA00E0B938 /* Info.plist */ = {isa = PBXFileReference; lastKnownFileType = text.plist.xml; path = Info.plist; sourceTree = "<group>"; };
		F0B7EE812613F6DE00363DE5 /* ListItem.swift */ = {isa = PBXFileReference; lastKnownFileType = sourcecode.swift; path = ListItem.swift; sourceTree = "<group>"; };
		F0B7EE9026146A9300363DE5 /* scoreButton.swift */ = {isa = PBXFileReference; lastKnownFileType = sourcecode.swift; path = scoreButton.swift; sourceTree = "<group>"; };
		F0B7EE952614941400363DE5 /* scoreEditView.swift */ = {isa = PBXFileReference; lastKnownFileType = sourcecode.swift; path = scoreEditView.swift; sourceTree = "<group>"; };
		F0B7EE9A26149AB800363DE5 /* modalDismiss.swift */ = {isa = PBXFileReference; lastKnownFileType = sourcecode.swift; path = modalDismiss.swift; sourceTree = "<group>"; };
		F0B7EEA026153BAF00363DE5 /* participantDetail.swift */ = {isa = PBXFileReference; lastKnownFileType = sourcecode.swift; path = participantDetail.swift; sourceTree = "<group>"; };
		F0C81EC326419107005E7E3C /* carnivaladmin.app */ = {isa = PBXFileReference; explicitFileType = wrapper.application; includeInIndex = 0; path = carnivaladmin.app; sourceTree = BUILT_PRODUCTS_DIR; };
		F0C81EC526419107005E7E3C /* carnivaladminApp.swift */ = {isa = PBXFileReference; lastKnownFileType = sourcecode.swift; path = carnivaladminApp.swift; sourceTree = "<group>"; };
		F0C81ECC26419109005E7E3C /* Preview Assets.xcassets */ = {isa = PBXFileReference; lastKnownFileType = folder.assetcatalog; path = "Preview Assets.xcassets"; sourceTree = "<group>"; };
		F0C81ECE26419109005E7E3C /* Info.plist */ = {isa = PBXFileReference; lastKnownFileType = text.plist.xml; path = Info.plist; sourceTree = "<group>"; };
		F0D6537A261352610086453D /* ContentView.swift */ = {isa = PBXFileReference; lastKnownFileType = sourcecode.swift; path = ContentView.swift; sourceTree = "<group>"; };
		F0D6537C261352620086453D /* Assets.xcassets */ = {isa = PBXFileReference; lastKnownFileType = folder.assetcatalog; path = Assets.xcassets; sourceTree = "<group>"; };
		F0D6537F261352620086453D /* Preview Assets.xcassets */ = {isa = PBXFileReference; lastKnownFileType = folder.assetcatalog; path = "Preview Assets.xcassets"; sourceTree = "<group>"; };
		F0D653A6261352770086453D /* AddScoreView.swift */ = {isa = PBXFileReference; lastKnownFileType = sourcecode.swift; path = AddScoreView.swift; sourceTree = "<group>"; };
		F0D653AB261352910086453D /* carnivalKaren.swift */ = {isa = PBXFileReference; lastKnownFileType = sourcecode.swift; path = carnivalKaren.swift; sourceTree = "<group>"; };
		F0D653B0261352AF0086453D /* previewData.swift */ = {isa = PBXFileReference; lastKnownFileType = sourcecode.swift; path = previewData.swift; sourceTree = "<group>"; };
		F0D81D9926458DCB00A983EF /* changeState.swift */ = {isa = PBXFileReference; lastKnownFileType = sourcecode.swift; path = changeState.swift; sourceTree = "<group>"; };
		F0EDFDA32615A6E70046B00F /* refreshableScrollview.swift */ = {isa = PBXFileReference; lastKnownFileType = sourcecode.swift; path = refreshableScrollview.swift; sourceTree = "<group>"; };
		F26C12AF48E2056382ED5887 /* Pods-carnivaladmin.debug.xcconfig */ = {isa = PBXFileReference; includeInIndex = 1; lastKnownFileType = text.xcconfig; name = "Pods-carnivaladmin.debug.xcconfig"; path = "Target Support Files/Pods-carnivaladmin/Pods-carnivaladmin.debug.xcconfig"; sourceTree = "<group>"; };
		FB45CF4521C4D1F855450D50 /* Pods_Carnival_Clip.framework */ = {isa = PBXFileReference; explicitFileType = wrapper.framework; includeInIndex = 0; path = Pods_Carnival_Clip.framework; sourceTree = BUILT_PRODUCTS_DIR; };
/* End PBXFileReference section */

/* Begin PBXFrameworksBuildPhase section */
		F001049926426BE600F14A11 /* Frameworks */ = {
			isa = PBXFrameworksBuildPhase;
			buildActionMask = 2147483647;
			files = (
				9981DAB4E6D2659E20087E1F /* Pods_Carnival_Clip.framework in Frameworks */,
			);
			runOnlyForDeploymentPostprocessing = 0;
		};
		F00FBC202643621800186BCB /* Frameworks */ = {
			isa = PBXFrameworksBuildPhase;
			buildActionMask = 2147483647;
			files = (
				E7DF7832D08D962C97C844DF /* Pods_carnivalmac.framework in Frameworks */,
			);
			runOnlyForDeploymentPostprocessing = 0;
		};
		F092DCF326425EB800E0B938 /* Frameworks */ = {
			isa = PBXFrameworksBuildPhase;
			buildActionMask = 2147483647;
			files = (
				98C78A5564FC4ED9140DC34F /* Pods_carnival.framework in Frameworks */,
			);
			runOnlyForDeploymentPostprocessing = 0;
		};
		F0C81EC026419107005E7E3C /* Frameworks */ = {
			isa = PBXFrameworksBuildPhase;
			buildActionMask = 2147483647;
			files = (
				F0C81EFB264191E3005E7E3C /* SwiftUIRefresh in Frameworks */,
				BE74D431D3D22AF1D85D50F0 /* Pods_carnivaladmin.framework in Frameworks */,
			);
			runOnlyForDeploymentPostprocessing = 0;
		};
/* End PBXFrameworksBuildPhase section */

/* Begin PBXGroup section */
		124A0A3EE72B824F8AFF2F97 /* Frameworks */ = {
			isa = PBXGroup;
			children = (
				3A17BFCA239E6EDE4C5E776F /* Pods_carnival_carnivalUITests.framework */,
				CA476EDFB40CFD47D7446336 /* Pods_carnivalTests.framework */,
				29D08CB3FE055FC27A410672 /* Pods_carnivaladmin.framework */,
				766FA732EE160B97CE16A564 /* Pods_carnivaladmin_carnivaladminUITests.framework */,
				5769AD4F57B879B16011A388 /* Pods_carnivaladminTests.framework */,
				91A9F2CD9D278CCD108A377F /* Pods_carnival.framework */,
				FB45CF4521C4D1F855450D50 /* Pods_Carnival_Clip.framework */,
				117D226B48A36AC04578CA68 /* Pods_carnivalmac.framework */,
			);
			name = Frameworks;
			sourceTree = "<group>";
		};
		B5EF9DBE7548E7D38D019ED7 /* Pods */ = {
			isa = PBXGroup;
			children = (
				E6B2C8AA174679B221F0D493 /* Pods-carnival.debug.xcconfig */,
				9863AE450C0264BCF22308F6 /* Pods-carnival.release.xcconfig */,
				C0FC50C6235E2DA552F8B5A5 /* Pods-carnival-carnivalUITests.debug.xcconfig */,
				DDAA8602AD427EF12E2DBCE2 /* Pods-carnival-carnivalUITests.release.xcconfig */,
				A624A3D6EF182CEBA942587A /* Pods-carnivalTests.debug.xcconfig */,
				436EB9FCFC6F9AA47B6D1DAD /* Pods-carnivalTests.release.xcconfig */,
				F26C12AF48E2056382ED5887 /* Pods-carnivaladmin.debug.xcconfig */,
				2CA5DC7A9AEE48190F0F3416 /* Pods-carnivaladmin.release.xcconfig */,
				65BFF4E3719D77E7AA6ADBF7 /* Pods-carnivaladmin-carnivaladminUITests.debug.xcconfig */,
				9F92AB091F66978E014FC347 /* Pods-carnivaladmin-carnivaladminUITests.release.xcconfig */,
				9A2844F284C1AC88663DCCE2 /* Pods-carnivaladminTests.debug.xcconfig */,
				CCD3C195C2D2544CA111E00C /* Pods-carnivaladminTests.release.xcconfig */,
				97769C8D6A78469C39B8F282 /* Pods-Carnival Clip.debug.xcconfig */,
				2EB3082D3067807019B37CA9 /* Pods-Carnival Clip.release.xcconfig */,
				6C9A3419E08773FF20B553A2 /* Pods-carnivalmac.debug.xcconfig */,
				960DEDD1A9FA6E0A973B106B /* Pods-carnivalmac.release.xcconfig */,
			);
			path = Pods;
			sourceTree = "<group>";
		};
		F001049D26426BE600F14A11 /* Carnival Clip */ = {
			isa = PBXGroup;
			children = (
				F00104A726426BE900F14A11 /* Assets.xcassets */,
				F00104A926426BE900F14A11 /* LaunchScreen.storyboard */,
				F00104AC26426BE900F14A11 /* Info.plist */,
				F00104AD26426BE900F14A11 /* Carnival_Clip.entitlements */,
			);
			path = "Carnival Clip";
			sourceTree = "<group>";
		};
		F00FBC242643621800186BCB /* carnivalmac */ = {
			isa = PBXGroup;
			children = (
				F00FBC252643621800186BCB /* carnivalmacApp.swift */,
				F00FBC272643621800186BCB /* ContentView.swift */,
				F00FBC292643621B00186BCB /* Assets.xcassets */,
				F00FBC2E2643621B00186BCB /* Info.plist */,
				F00FBC2F2643621B00186BCB /* carnivalmac.entitlements */,
				F00FBC2B2643621B00186BCB /* Preview Content */,
			);
			path = carnivalmac;
			sourceTree = "<group>";
		};
		F00FBC2B2643621B00186BCB /* Preview Content */ = {
			isa = PBXGroup;
			children = (
				F00FBC2C2643621B00186BCB /* Preview Assets.xcassets */,
			);
			path = "Preview Content";
			sourceTree = "<group>";
		};
		F092DCF726425EB800E0B938 /* carnival */ = {
			isa = PBXGroup;
			children = (
				F092DC712641A09B00E0B938 /* rankentry.swift */,
				F0D6537A261352610086453D /* ContentView.swift */,
				F092DCC3264259F700E0B938 /* Main.storyboard */,
				F0D6537E261352620086453D /* Preview Content */,
				F092DCF826425EB800E0B938 /* AppDelegate.swift */,
				F092DCFA26425EB800E0B938 /* SceneDelegate.swift */,
				F092DCFC26425EB800E0B938 /* ViewController.swift */,
				F092DD0126425EBA00E0B938 /* AccessAssets.xcassets */,
				F092DD0326425EBA00E0B938 /* LaunchScreen.storyboard */,
				F092DD0626425EBA00E0B938 /* Info.plist */,
			);
			path = carnival;
			sourceTree = "<group>";
		};
		F0C81EC426419107005E7E3C /* carnivaladmin */ = {
			isa = PBXGroup;
			children = (
				F0B7EEA026153BAF00363DE5 /* participantDetail.swift */,
				F0B7EE812613F6DE00363DE5 /* ListItem.swift */,
				F0D653A6261352770086453D /* AddScoreView.swift */,
				F0B7EE952614941400363DE5 /* scoreEditView.swift */,
				F0B7EE9A26149AB800363DE5 /* modalDismiss.swift */,
				F0B7EE9026146A9300363DE5 /* scoreButton.swift */,
				F0C81EC526419107005E7E3C /* carnivaladminApp.swift */,
				F0C81ECE26419109005E7E3C /* Info.plist */,
				F0C81ECB26419109005E7E3C /* Preview Content */,
				F00104C2264277AD00F14A11 /* AdminAssets.xcassets */,
			);
			path = carnivaladmin;
			sourceTree = "<group>";
		};
		F0C81ECB26419109005E7E3C /* Preview Content */ = {
			isa = PBXGroup;
			children = (
				F0C81ECC26419109005E7E3C /* Preview Assets.xcassets */,
			);
			path = "Preview Content";
			sourceTree = "<group>";
		};
		F0C81EEE2641911D005E7E3C /* Shared */ = {
			isa = PBXGroup;
			children = (
				F0D653AB261352910086453D /* carnivalKaren.swift */,
				F0D81D9926458DCB00A983EF /* changeState.swift */,
				F0D6537C261352620086453D /* Assets.xcassets */,
				F0D653B0261352AF0086453D /* previewData.swift */,
				F092DC7526421D6D00E0B938 /* liveUpdatingTextView.swift */,
				F0EDFDA32615A6E70046B00F /* refreshableScrollview.swift */,
				F092DC732641A9E300E0B938 /* buttonstyles.swift */,
				F00104952642627900F14A11 /* apprecognizers.swift */,
			);
			path = Shared;
			sourceTree = "<group>";
		};
		F0D6536C261352600086453D = {
			isa = PBXGroup;
			children = (
				F0C81EEE2641911D005E7E3C /* Shared */,
				F0C81EC426419107005E7E3C /* carnivaladmin */,
				F092DCF726425EB800E0B938 /* carnival */,
				F001049D26426BE600F14A11 /* Carnival Clip */,
				F00FBC242643621800186BCB /* carnivalmac */,
				F0D65376261352600086453D /* Products */,
				B5EF9DBE7548E7D38D019ED7 /* Pods */,
				124A0A3EE72B824F8AFF2F97 /* Frameworks */,
			);
			sourceTree = "<group>";
		};
		F0D65376261352600086453D /* Products */ = {
			isa = PBXGroup;
			children = (
				F0C81EC326419107005E7E3C /* carnivaladmin.app */,
				F092DCF626425EB800E0B938 /* carnival.app */,
				F001049C26426BE600F14A11 /* Carnival Clip.app */,
				F00FBC232643621800186BCB /* carnivalmac.app */,
			);
			name = Products;
			sourceTree = "<group>";
		};
		F0D6537E261352620086453D /* Preview Content */ = {
			isa = PBXGroup;
			children = (
				F0D6537F261352620086453D /* Preview Assets.xcassets */,
			);
			path = "Preview Content";
			sourceTree = "<group>";
		};
/* End PBXGroup section */

/* Begin PBXNativeTarget section */
		F001049B26426BE600F14A11 /* Carnival Clip */ = {
			isa = PBXNativeTarget;
			buildConfigurationList = F00104B126426BE900F14A11 /* Build configuration list for PBXNativeTarget "Carnival Clip" */;
			buildPhases = (
				13100A15CFB0458B0F1CAB37 /* [CP] Check Pods Manifest.lock */,
				F001049826426BE600F14A11 /* Sources */,
				F001049926426BE600F14A11 /* Frameworks */,
				F001049A26426BE600F14A11 /* Resources */,
				68183D74153CFA4327C1DC49 /* [CP] Embed Pods Frameworks */,
			);
			buildRules = (
			);
			dependencies = (
			);
			name = "Carnival Clip";
			productName = "Carnival Clip";
			productReference = F001049C26426BE600F14A11 /* Carnival Clip.app */;
			productType = "com.apple.product-type.application.on-demand-install-capable";
		};
		F00FBC222643621800186BCB /* carnivalmac */ = {
			isa = PBXNativeTarget;
			buildConfigurationList = F00FBC302643621B00186BCB /* Build configuration list for PBXNativeTarget "carnivalmac" */;
			buildPhases = (
				63EF5BE89B217E51D200B919 /* [CP] Check Pods Manifest.lock */,
				F00FBC1F2643621800186BCB /* Sources */,
				F00FBC202643621800186BCB /* Frameworks */,
				F00FBC212643621800186BCB /* Resources */,
				9DBBB3C19B0C2CFD8D4B1E50 /* [CP] Embed Pods Frameworks */,
			);
			buildRules = (
			);
			dependencies = (
			);
			name = carnivalmac;
			productName = carnivalmac;
			productReference = F00FBC232643621800186BCB /* carnivalmac.app */;
			productType = "com.apple.product-type.application";
		};
		F092DCF526425EB800E0B938 /* carnival */ = {
			isa = PBXNativeTarget;
			buildConfigurationList = F092DD0726425EBA00E0B938 /* Build configuration list for PBXNativeTarget "carnival" */;
			buildPhases = (
				F59A83ED3652DD00B8BF6440 /* [CP] Check Pods Manifest.lock */,
				F092DCF226425EB800E0B938 /* Sources */,
				F092DCF326425EB800E0B938 /* Frameworks */,
				F092DCF426425EB800E0B938 /* Resources */,
				F328167406F473EEE3A8F25F /* [CP] Embed Pods Frameworks */,
				F00104B426426BE900F14A11 /* Embed App Clips */,
			);
			buildRules = (
			);
			dependencies = (
				F00104AF26426BE900F14A11 /* PBXTargetDependency */,
			);
			name = carnival;
			productName = carnival;
			productReference = F092DCF626425EB800E0B938 /* carnival.app */;
			productType = "com.apple.product-type.application";
		};
		F0C81EC226419107005E7E3C /* carnivaladmin */ = {
			isa = PBXNativeTarget;
			buildConfigurationList = F0C81EEB26419109005E7E3C /* Build configuration list for PBXNativeTarget "carnivaladmin" */;
			buildPhases = (
				F5BE69A0ED100F059EB9ACF4 /* [CP] Check Pods Manifest.lock */,
				F0C81EBF26419107005E7E3C /* Sources */,
				F0C81EC026419107005E7E3C /* Frameworks */,
				F0C81EC126419107005E7E3C /* Resources */,
				BBFEBAD9BA62A7009A4DC92F /* [CP] Embed Pods Frameworks */,
			);
			buildRules = (
			);
			dependencies = (
			);
			name = carnivaladmin;
			packageProductDependencies = (
				F0C81EFA264191E3005E7E3C /* SwiftUIRefresh */,
			);
			productName = carnivaladmin;
			productReference = F0C81EC326419107005E7E3C /* carnivaladmin.app */;
			productType = "com.apple.product-type.application";
		};
/* End PBXNativeTarget section */

/* Begin PBXProject section */
		F0D6536D261352600086453D /* Project object */ = {
			isa = PBXProject;
			attributes = {
				LastSwiftUpdateCheck = 1250;
				LastUpgradeCheck = 1240;
				TargetAttributes = {
					F001049B26426BE600F14A11 = {
						CreatedOnToolsVersion = 12.5;
					};
					F00FBC222643621800186BCB = {
						CreatedOnToolsVersion = 12.5;
					};
					F092DCF526425EB800E0B938 = {
						CreatedOnToolsVersion = 12.5;
					};
					F0C81EC226419107005E7E3C = {
						CreatedOnToolsVersion = 12.5;
					};
				};
			};
			buildConfigurationList = F0D65370261352600086453D /* Build configuration list for PBXProject "carnival" */;
			compatibilityVersion = "Xcode 9.3";
			developmentRegion = en;
			hasScannedForEncodings = 0;
			knownRegions = (
				en,
				Base,
			);
			mainGroup = F0D6536C261352600086453D;
			packageReferences = (
				F0EDFD9D2615A5230046B00F /* XCRemoteSwiftPackageReference "SwiftUIRefresh" */,
			);
			productRefGroup = F0D65376261352600086453D /* Products */;
			projectDirPath = "";
			projectRoot = "";
			targets = (
				F0C81EC226419107005E7E3C /* carnivaladmin */,
				F092DCF526425EB800E0B938 /* carnival */,
				F001049B26426BE600F14A11 /* Carnival Clip */,
				F00FBC222643621800186BCB /* carnivalmac */,
			);
		};
/* End PBXProject section */

/* Begin PBXResourcesBuildPhase section */
		F001049A26426BE600F14A11 /* Resources */ = {
			isa = PBXResourcesBuildPhase;
			buildActionMask = 2147483647;
			files = (
				F00104AB26426BE900F14A11 /* LaunchScreen.storyboard in Resources */,
				F00104A826426BE900F14A11 /* Assets.xcassets in Resources */,
				F00104B726426D0C00F14A11 /* Assets.xcassets in Resources */,
				F00104B626426CF200F14A11 /* Main.storyboard in Resources */,
			);
			runOnlyForDeploymentPostprocessing = 0;
		};
		F00FBC212643621800186BCB /* Resources */ = {
			isa = PBXResourcesBuildPhase;
			buildActionMask = 2147483647;
			files = (
				F00FBC2D2643621B00186BCB /* Preview Assets.xcassets in Resources */,
				F00FBC3426436C6A00186BCB /* Assets.xcassets in Resources */,
				F00FBC2A2643621B00186BCB /* Assets.xcassets in Resources */,
			);
			runOnlyForDeploymentPostprocessing = 0;
		};
		F092DCF426425EB800E0B938 /* Resources */ = {
			isa = PBXResourcesBuildPhase;
			buildActionMask = 2147483647;
			files = (
				F092DD0A26425FB500E0B938 /* Main.storyboard in Resources */,
				F092DD0526425EBA00E0B938 /* LaunchScreen.storyboard in Resources */,
				F092DD152642600500E0B938 /* Assets.xcassets in Resources */,
				F092DD0226425EBA00E0B938 /* AccessAssets.xcassets in Resources */,
			);
			runOnlyForDeploymentPostprocessing = 0;
		};
		F0C81EC126419107005E7E3C /* Resources */ = {
			isa = PBXResourcesBuildPhase;
			buildActionMask = 2147483647;
			files = (
				F0C81EF52641915D005E7E3C /* Assets.xcassets in Resources */,
				F00104C3264277AD00F14A11 /* AdminAssets.xcassets in Resources */,
				F0C81ECD26419109005E7E3C /* Preview Assets.xcassets in Resources */,
			);
			runOnlyForDeploymentPostprocessing = 0;
		};
/* End PBXResourcesBuildPhase section */

/* Begin PBXShellScriptBuildPhase section */
		13100A15CFB0458B0F1CAB37 /* [CP] Check Pods Manifest.lock */ = {
			isa = PBXShellScriptBuildPhase;
			buildActionMask = 2147483647;
			files = (
			);
			inputFileListPaths = (
			);
			inputPaths = (
				"${PODS_PODFILE_DIR_PATH}/Podfile.lock",
				"${PODS_ROOT}/Manifest.lock",
			);
			name = "[CP] Check Pods Manifest.lock";
			outputFileListPaths = (
			);
			outputPaths = (
				"$(DERIVED_FILE_DIR)/Pods-Carnival Clip-checkManifestLockResult.txt",
			);
			runOnlyForDeploymentPostprocessing = 0;
			shellPath = /bin/sh;
			shellScript = "diff \"${PODS_PODFILE_DIR_PATH}/Podfile.lock\" \"${PODS_ROOT}/Manifest.lock\" > /dev/null\nif [ $? != 0 ] ; then\n    # print error to STDERR\n    echo \"error: The sandbox is not in sync with the Podfile.lock. Run 'pod install' or update your CocoaPods installation.\" >&2\n    exit 1\nfi\n# This output is used by Xcode 'outputs' to avoid re-running this script phase.\necho \"SUCCESS\" > \"${SCRIPT_OUTPUT_FILE_0}\"\n";
			showEnvVarsInLog = 0;
		};
		63EF5BE89B217E51D200B919 /* [CP] Check Pods Manifest.lock */ = {
			isa = PBXShellScriptBuildPhase;
			buildActionMask = 2147483647;
			files = (
			);
			inputFileListPaths = (
			);
			inputPaths = (
				"${PODS_PODFILE_DIR_PATH}/Podfile.lock",
				"${PODS_ROOT}/Manifest.lock",
			);
			name = "[CP] Check Pods Manifest.lock";
			outputFileListPaths = (
			);
			outputPaths = (
				"$(DERIVED_FILE_DIR)/Pods-carnivalmac-checkManifestLockResult.txt",
			);
			runOnlyForDeploymentPostprocessing = 0;
			shellPath = /bin/sh;
			shellScript = "diff \"${PODS_PODFILE_DIR_PATH}/Podfile.lock\" \"${PODS_ROOT}/Manifest.lock\" > /dev/null\nif [ $? != 0 ] ; then\n    # print error to STDERR\n    echo \"error: The sandbox is not in sync with the Podfile.lock. Run 'pod install' or update your CocoaPods installation.\" >&2\n    exit 1\nfi\n# This output is used by Xcode 'outputs' to avoid re-running this script phase.\necho \"SUCCESS\" > \"${SCRIPT_OUTPUT_FILE_0}\"\n";
			showEnvVarsInLog = 0;
		};
		68183D74153CFA4327C1DC49 /* [CP] Embed Pods Frameworks */ = {
			isa = PBXShellScriptBuildPhase;
			buildActionMask = 2147483647;
			files = (
			);
			inputFileListPaths = (
				"${PODS_ROOT}/Target Support Files/Pods-Carnival Clip/Pods-Carnival Clip-frameworks-${CONFIGURATION}-input-files.xcfilelist",
			);
			name = "[CP] Embed Pods Frameworks";
			outputFileListPaths = (
				"${PODS_ROOT}/Target Support Files/Pods-Carnival Clip/Pods-Carnival Clip-frameworks-${CONFIGURATION}-output-files.xcfilelist",
			);
			runOnlyForDeploymentPostprocessing = 0;
			shellPath = /bin/sh;
			shellScript = "\"${PODS_ROOT}/Target Support Files/Pods-Carnival Clip/Pods-Carnival Clip-frameworks.sh\"\n";
			showEnvVarsInLog = 0;
		};
		9DBBB3C19B0C2CFD8D4B1E50 /* [CP] Embed Pods Frameworks */ = {
			isa = PBXShellScriptBuildPhase;
			buildActionMask = 2147483647;
			files = (
			);
			inputFileListPaths = (
				"${PODS_ROOT}/Target Support Files/Pods-carnivalmac/Pods-carnivalmac-frameworks-${CONFIGURATION}-input-files.xcfilelist",
			);
			name = "[CP] Embed Pods Frameworks";
			outputFileListPaths = (
				"${PODS_ROOT}/Target Support Files/Pods-carnivalmac/Pods-carnivalmac-frameworks-${CONFIGURATION}-output-files.xcfilelist",
			);
			runOnlyForDeploymentPostprocessing = 0;
			shellPath = /bin/sh;
			shellScript = "\"${PODS_ROOT}/Target Support Files/Pods-carnivalmac/Pods-carnivalmac-frameworks.sh\"\n";
			showEnvVarsInLog = 0;
		};
		BBFEBAD9BA62A7009A4DC92F /* [CP] Embed Pods Frameworks */ = {
			isa = PBXShellScriptBuildPhase;
			buildActionMask = 2147483647;
			files = (
			);
			inputFileListPaths = (
				"${PODS_ROOT}/Target Support Files/Pods-carnivaladmin/Pods-carnivaladmin-frameworks-${CONFIGURATION}-input-files.xcfilelist",
			);
			name = "[CP] Embed Pods Frameworks";
			outputFileListPaths = (
				"${PODS_ROOT}/Target Support Files/Pods-carnivaladmin/Pods-carnivaladmin-frameworks-${CONFIGURATION}-output-files.xcfilelist",
			);
			runOnlyForDeploymentPostprocessing = 0;
			shellPath = /bin/sh;
			shellScript = "\"${PODS_ROOT}/Target Support Files/Pods-carnivaladmin/Pods-carnivaladmin-frameworks.sh\"\n";
			showEnvVarsInLog = 0;
		};
		F328167406F473EEE3A8F25F /* [CP] Embed Pods Frameworks */ = {
			isa = PBXShellScriptBuildPhase;
			buildActionMask = 2147483647;
			files = (
			);
			inputFileListPaths = (
				"${PODS_ROOT}/Target Support Files/Pods-carnival/Pods-carnival-frameworks-${CONFIGURATION}-input-files.xcfilelist",
			);
			name = "[CP] Embed Pods Frameworks";
			outputFileListPaths = (
				"${PODS_ROOT}/Target Support Files/Pods-carnival/Pods-carnival-frameworks-${CONFIGURATION}-output-files.xcfilelist",
			);
			runOnlyForDeploymentPostprocessing = 0;
			shellPath = /bin/sh;
			shellScript = "\"${PODS_ROOT}/Target Support Files/Pods-carnival/Pods-carnival-frameworks.sh\"\n";
			showEnvVarsInLog = 0;
		};
		F59A83ED3652DD00B8BF6440 /* [CP] Check Pods Manifest.lock */ = {
			isa = PBXShellScriptBuildPhase;
			buildActionMask = 2147483647;
			files = (
			);
			inputFileListPaths = (
			);
			inputPaths = (
				"${PODS_PODFILE_DIR_PATH}/Podfile.lock",
				"${PODS_ROOT}/Manifest.lock",
			);
			name = "[CP] Check Pods Manifest.lock";
			outputFileListPaths = (
			);
			outputPaths = (
				"$(DERIVED_FILE_DIR)/Pods-carnival-checkManifestLockResult.txt",
			);
			runOnlyForDeploymentPostprocessing = 0;
			shellPath = /bin/sh;
			shellScript = "diff \"${PODS_PODFILE_DIR_PATH}/Podfile.lock\" \"${PODS_ROOT}/Manifest.lock\" > /dev/null\nif [ $? != 0 ] ; then\n    # print error to STDERR\n    echo \"error: The sandbox is not in sync with the Podfile.lock. Run 'pod install' or update your CocoaPods installation.\" >&2\n    exit 1\nfi\n# This output is used by Xcode 'outputs' to avoid re-running this script phase.\necho \"SUCCESS\" > \"${SCRIPT_OUTPUT_FILE_0}\"\n";
			showEnvVarsInLog = 0;
		};
		F5BE69A0ED100F059EB9ACF4 /* [CP] Check Pods Manifest.lock */ = {
			isa = PBXShellScriptBuildPhase;
			buildActionMask = 2147483647;
			files = (
			);
			inputFileListPaths = (
			);
			inputPaths = (
				"${PODS_PODFILE_DIR_PATH}/Podfile.lock",
				"${PODS_ROOT}/Manifest.lock",
			);
			name = "[CP] Check Pods Manifest.lock";
			outputFileListPaths = (
			);
			outputPaths = (
				"$(DERIVED_FILE_DIR)/Pods-carnivaladmin-checkManifestLockResult.txt",
			);
			runOnlyForDeploymentPostprocessing = 0;
			shellPath = /bin/sh;
			shellScript = "diff \"${PODS_PODFILE_DIR_PATH}/Podfile.lock\" \"${PODS_ROOT}/Manifest.lock\" > /dev/null\nif [ $? != 0 ] ; then\n    # print error to STDERR\n    echo \"error: The sandbox is not in sync with the Podfile.lock. Run 'pod install' or update your CocoaPods installation.\" >&2\n    exit 1\nfi\n# This output is used by Xcode 'outputs' to avoid re-running this script phase.\necho \"SUCCESS\" > \"${SCRIPT_OUTPUT_FILE_0}\"\n";
			showEnvVarsInLog = 0;
		};
/* End PBXShellScriptBuildPhase section */

/* Begin PBXSourcesBuildPhase section */
		F001049826426BE600F14A11 /* Sources */ = {
			isa = PBXSourcesBuildPhase;
			buildActionMask = 2147483647;
			files = (
				F00104C126426FDC00F14A11 /* rankentry.swift in Sources */,
				F00104BE26426D5A00F14A11 /* previewData.swift in Sources */,
				F00104B526426CE700F14A11 /* AppDelegate.swift in Sources */,
				F00104BB26426D5300F14A11 /* buttonstyles.swift in Sources */,
				F00104B926426D2D00F14A11 /* ViewController.swift in Sources */,
				F00104BF26426D5C00F14A11 /* carnivalKaren.swift in Sources */,
				F00104BC26426D5500F14A11 /* liveUpdatingTextView.swift in Sources */,
				F00104C026426FDA00F14A11 /* ContentView.swift in Sources */,
				F00104B826426D2200F14A11 /* SceneDelegate.swift in Sources */,
				F00104BA26426D5000F14A11 /* apprecognizers.swift in Sources */,
				F00104BD26426D5800F14A11 /* refreshableScrollview.swift in Sources */,
				F0D81D9D26458E5700A983EF /* changeState.swift in Sources */,
			);
			runOnlyForDeploymentPostprocessing = 0;
		};
		F00FBC1F2643621800186BCB /* Sources */ = {
			isa = PBXSourcesBuildPhase;
			buildActionMask = 2147483647;
			files = (
				F00FBC3526436C6E00186BCB /* previewData.swift in Sources */,
				F00FBC282643621800186BCB /* ContentView.swift in Sources */,
				F00FBC3326436C6700186BCB /* carnivalKaren.swift in Sources */,
				F0D81D982645400000A983EF /* liveUpdatingTextView.swift in Sources */,
				F0D81D9B26458DF200A983EF /* changeState.swift in Sources */,
				F00FBC3926436C7900186BCB /* buttonstyles.swift in Sources */,
				F00FBC262643621800186BCB /* carnivalmacApp.swift in Sources */,
			);
			runOnlyForDeploymentPostprocessing = 0;
		};
		F092DCF226425EB800E0B938 /* Sources */ = {
			isa = PBXSourcesBuildPhase;
			buildActionMask = 2147483647;
			files = (
				F092DD142642600300E0B938 /* carnivalKaren.swift in Sources */,
				F092DD132642600100E0B938 /* previewData.swift in Sources */,
				F092DD0B26425FC800E0B938 /* rankentry.swift in Sources */,
				F00104972642627900F14A11 /* apprecognizers.swift in Sources */,
				F092DD0C26425FCF00E0B938 /* ContentView.swift in Sources */,
				F092DD1126425FFE00E0B938 /* liveUpdatingTextView.swift in Sources */,
				F092DD1026425FFC00E0B938 /* refreshableScrollview.swift in Sources */,
				F092DCFD26425EB800E0B938 /* ViewController.swift in Sources */,
				F092DCF926425EB800E0B938 /* AppDelegate.swift in Sources */,
				F092DCFB26425EB800E0B938 /* SceneDelegate.swift in Sources */,
				F092DD0F26425FF900E0B938 /* buttonstyles.swift in Sources */,
				F0D81D9C26458E5600A983EF /* changeState.swift in Sources */,
			);
			runOnlyForDeploymentPostprocessing = 0;
		};
		F0C81EBF26419107005E7E3C /* Sources */ = {
			isa = PBXSourcesBuildPhase;
			buildActionMask = 2147483647;
			files = (
				F0C81EEF26419148005E7E3C /* ListItem.swift in Sources */,
				F0C81EF826419184005E7E3C /* refreshableScrollview.swift in Sources */,
				F0C81EF126419148005E7E3C /* scoreButton.swift in Sources */,
				F0C81EF626419161005E7E3C /* previewData.swift in Sources */,
				F0C81EF326419148005E7E3C /* AddScoreView.swift in Sources */,
				F0C81EF726419163005E7E3C /* carnivalKaren.swift in Sources */,
				F0C81EF426419148005E7E3C /* participantDetail.swift in Sources */,
				F092DD0E26425FF900E0B938 /* buttonstyles.swift in Sources */,
				F0C81EF026419148005E7E3C /* modalDismiss.swift in Sources */,
				F00104962642627900F14A11 /* apprecognizers.swift in Sources */,
				F092DD1226425FFF00E0B938 /* liveUpdatingTextView.swift in Sources */,
				F0D81D9A26458DCB00A983EF /* changeState.swift in Sources */,
				F0C81EC626419107005E7E3C /* carnivaladminApp.swift in Sources */,
				F0C81EF226419148005E7E3C /* scoreEditView.swift in Sources */,
			);
			runOnlyForDeploymentPostprocessing = 0;
		};
/* End PBXSourcesBuildPhase section */

/* Begin PBXTargetDependency section */
		F00104AF26426BE900F14A11 /* PBXTargetDependency */ = {
			isa = PBXTargetDependency;
			target = F001049B26426BE600F14A11 /* Carnival Clip */;
			targetProxy = F00104AE26426BE900F14A11 /* PBXContainerItemProxy */;
		};
/* End PBXTargetDependency section */

/* Begin PBXVariantGroup section */
		F00104A926426BE900F14A11 /* LaunchScreen.storyboard */ = {
			isa = PBXVariantGroup;
			children = (
				F00104AA26426BE900F14A11 /* Base */,
			);
			name = LaunchScreen.storyboard;
			sourceTree = "<group>";
		};
		F092DCC3264259F700E0B938 /* Main.storyboard */ = {
			isa = PBXVariantGroup;
			children = (
				F092DCC4264259F700E0B938 /* Base */,
			);
			name = Main.storyboard;
			sourceTree = "<group>";
		};
		F092DD0326425EBA00E0B938 /* LaunchScreen.storyboard */ = {
			isa = PBXVariantGroup;
			children = (
				F092DD0426425EBA00E0B938 /* Base */,
			);
			name = LaunchScreen.storyboard;
			sourceTree = "<group>";
		};
/* End PBXVariantGroup section */

/* Begin XCBuildConfiguration section */
		F00104B226426BE900F14A11 /* Debug */ = {
			isa = XCBuildConfiguration;
			baseConfigurationReference = 97769C8D6A78469C39B8F282 /* Pods-Carnival Clip.debug.xcconfig */;
			buildSettings = {
				ASSETCATALOG_COMPILER_APPICON_NAME = AppIcon;
				ASSETCATALOG_COMPILER_GLOBAL_ACCENT_COLOR_NAME = AccentColor;
				CODE_SIGN_ENTITLEMENTS = "Carnival Clip/Carnival_Clip.entitlements";
				CODE_SIGN_STYLE = Automatic;
				DEVELOPMENT_TEAM = 9K2XM38XLK;
				INFOPLIST_FILE = "Carnival Clip/Info.plist";
				IPHONEOS_DEPLOYMENT_TARGET = 14.5;
				LD_RUNPATH_SEARCH_PATHS = (
					"$(inherited)",
					"@executable_path/Frameworks",
				);
				PRODUCT_BUNDLE_IDENTIFIER = com.legitmichel777.carnival.Clip;
				PRODUCT_NAME = "$(TARGET_NAME)";
				SWIFT_VERSION = 5.0;
				TARGETED_DEVICE_FAMILY = "1,2";
			};
			name = Debug;
		};
		F00104B326426BE900F14A11 /* Release */ = {
			isa = XCBuildConfiguration;
			baseConfigurationReference = 2EB3082D3067807019B37CA9 /* Pods-Carnival Clip.release.xcconfig */;
			buildSettings = {
				ASSETCATALOG_COMPILER_APPICON_NAME = AppIcon;
				ASSETCATALOG_COMPILER_GLOBAL_ACCENT_COLOR_NAME = AccentColor;
				CODE_SIGN_ENTITLEMENTS = "Carnival Clip/Carnival_Clip.entitlements";
				CODE_SIGN_STYLE = Automatic;
				DEVELOPMENT_TEAM = 9K2XM38XLK;
				INFOPLIST_FILE = "Carnival Clip/Info.plist";
				IPHONEOS_DEPLOYMENT_TARGET = 14.5;
				LD_RUNPATH_SEARCH_PATHS = (
					"$(inherited)",
					"@executable_path/Frameworks",
				);
				PRODUCT_BUNDLE_IDENTIFIER = com.legitmichel777.carnival.Clip;
				PRODUCT_NAME = "$(TARGET_NAME)";
				SWIFT_VERSION = 5.0;
				TARGETED_DEVICE_FAMILY = "1,2";
			};
			name = Release;
		};
		F00FBC312643621B00186BCB /* Debug */ = {
			isa = XCBuildConfiguration;
			baseConfigurationReference = 6C9A3419E08773FF20B553A2 /* Pods-carnivalmac.debug.xcconfig */;
			buildSettings = {
				ASSETCATALOG_COMPILER_APPICON_NAME = AppIcon;
				ASSETCATALOG_COMPILER_GLOBAL_ACCENT_COLOR_NAME = AccentColor;
				CODE_SIGN_ENTITLEMENTS = carnivalmac/carnivalmac.entitlements;
				CODE_SIGN_STYLE = Automatic;
				COMBINE_HIDPI_IMAGES = YES;
				DEVELOPMENT_ASSET_PATHS = "\"carnivalmac/Preview Content\"";
				DEVELOPMENT_TEAM = 9K2XM38XLK;
				ENABLE_HARDENED_RUNTIME = YES;
				ENABLE_PREVIEWS = YES;
				INFOPLIST_FILE = carnivalmac/Info.plist;
				LD_RUNPATH_SEARCH_PATHS = (
					"$(inherited)",
					"@executable_path/../Frameworks",
				);
				MACOSX_DEPLOYMENT_TARGET = 11.3;
				PRODUCT_BUNDLE_IDENTIFIER = com.legitmichel777.carnivalmac;
				PRODUCT_NAME = "$(TARGET_NAME)";
				SDKROOT = macosx;
				SWIFT_VERSION = 5.0;
			};
			name = Debug;
		};
		F00FBC322643621B00186BCB /* Release */ = {
			isa = XCBuildConfiguration;
			baseConfigurationReference = 960DEDD1A9FA6E0A973B106B /* Pods-carnivalmac.release.xcconfig */;
			buildSettings = {
				ASSETCATALOG_COMPILER_APPICON_NAME = AppIcon;
				ASSETCATALOG_COMPILER_GLOBAL_ACCENT_COLOR_NAME = AccentColor;
				CODE_SIGN_ENTITLEMENTS = carnivalmac/carnivalmac.entitlements;
				CODE_SIGN_STYLE = Automatic;
				COMBINE_HIDPI_IMAGES = YES;
				DEVELOPMENT_ASSET_PATHS = "\"carnivalmac/Preview Content\"";
				DEVELOPMENT_TEAM = 9K2XM38XLK;
				ENABLE_HARDENED_RUNTIME = YES;
				ENABLE_PREVIEWS = YES;
				INFOPLIST_FILE = carnivalmac/Info.plist;
				LD_RUNPATH_SEARCH_PATHS = (
					"$(inherited)",
					"@executable_path/../Frameworks",
				);
				MACOSX_DEPLOYMENT_TARGET = 11.3;
				PRODUCT_BUNDLE_IDENTIFIER = com.legitmichel777.carnivalmac;
				PRODUCT_NAME = "$(TARGET_NAME)";
				SDKROOT = macosx;
				SWIFT_VERSION = 5.0;
			};
			name = Release;
		};
		F092DD0826425EBA00E0B938 /* Debug */ = {
			isa = XCBuildConfiguration;
			baseConfigurationReference = E6B2C8AA174679B221F0D493 /* Pods-carnival.debug.xcconfig */;
			buildSettings = {
				ALWAYS_EMBED_SWIFT_STANDARD_LIBRARIES = YES;
				ASSETCATALOG_COMPILER_APPICON_NAME = AppIcon;
				ASSETCATALOG_COMPILER_GLOBAL_ACCENT_COLOR_NAME = AccentColor;
				CODE_SIGN_STYLE = Automatic;
				DEVELOPMENT_TEAM = 9K2XM38XLK;
				INFOPLIST_FILE = carnival/Info.plist;
				IPHONEOS_DEPLOYMENT_TARGET = 14.5;
				LD_RUNPATH_SEARCH_PATHS = (
					"$(inherited)",
					"@executable_path/Frameworks",
				);
				PRODUCT_BUNDLE_IDENTIFIER = com.legitmichel777.carnival;
				PRODUCT_NAME = "$(TARGET_NAME)";
				SWIFT_VERSION = 5.0;
				TARGETED_DEVICE_FAMILY = "1,2";
			};
			name = Debug;
		};
		F092DD0926425EBA00E0B938 /* Release */ = {
			isa = XCBuildConfiguration;
			baseConfigurationReference = 9863AE450C0264BCF22308F6 /* Pods-carnival.release.xcconfig */;
			buildSettings = {
				ALWAYS_EMBED_SWIFT_STANDARD_LIBRARIES = YES;
				ASSETCATALOG_COMPILER_APPICON_NAME = AppIcon;
				ASSETCATALOG_COMPILER_GLOBAL_ACCENT_COLOR_NAME = AccentColor;
				CODE_SIGN_STYLE = Automatic;
				DEVELOPMENT_TEAM = 9K2XM38XLK;
				INFOPLIST_FILE = carnival/Info.plist;
				IPHONEOS_DEPLOYMENT_TARGET = 14.5;
				LD_RUNPATH_SEARCH_PATHS = (
					"$(inherited)",
					"@executable_path/Frameworks",
				);
				PRODUCT_BUNDLE_IDENTIFIER = com.legitmichel777.carnival;
				PRODUCT_NAME = "$(TARGET_NAME)";
				SWIFT_VERSION = 5.0;
				TARGETED_DEVICE_FAMILY = "1,2";
			};
			name = Release;
		};
		F0C81EE526419109005E7E3C /* Debug */ = {
			isa = XCBuildConfiguration;
			baseConfigurationReference = F26C12AF48E2056382ED5887 /* Pods-carnivaladmin.debug.xcconfig */;
			buildSettings = {
				ASSETCATALOG_COMPILER_APPICON_NAME = AppIcon;
				ASSETCATALOG_COMPILER_GLOBAL_ACCENT_COLOR_NAME = AccentColor;
				CODE_SIGN_STYLE = Automatic;
				DEVELOPMENT_ASSET_PATHS = "\"carnivaladmin/Preview Content\"";
				DEVELOPMENT_TEAM = 9K2XM38XLK;
				ENABLE_PREVIEWS = YES;
				INFOPLIST_FILE = carnivaladmin/Info.plist;
				IPHONEOS_DEPLOYMENT_TARGET = 14.5;
				LD_RUNPATH_SEARCH_PATHS = (
					"$(inherited)",
					"@executable_path/Frameworks",
				);
				PRODUCT_BUNDLE_IDENTIFIER = com.legitmichel777.carnivaladmin;
				PRODUCT_NAME = "$(TARGET_NAME)";
				SWIFT_VERSION = 5.0;
				TARGETED_DEVICE_FAMILY = "1,2";
			};
			name = Debug;
		};
		F0C81EE626419109005E7E3C /* Release */ = {
			isa = XCBuildConfiguration;
			baseConfigurationReference = 2CA5DC7A9AEE48190F0F3416 /* Pods-carnivaladmin.release.xcconfig */;
			buildSettings = {
				ASSETCATALOG_COMPILER_APPICON_NAME = AppIcon;
				ASSETCATALOG_COMPILER_GLOBAL_ACCENT_COLOR_NAME = AccentColor;
				CODE_SIGN_STYLE = Automatic;
				DEVELOPMENT_ASSET_PATHS = "\"carnivaladmin/Preview Content\"";
				DEVELOPMENT_TEAM = 9K2XM38XLK;
				ENABLE_PREVIEWS = YES;
				INFOPLIST_FILE = carnivaladmin/Info.plist;
				IPHONEOS_DEPLOYMENT_TARGET = 14.5;
				LD_RUNPATH_SEARCH_PATHS = (
					"$(inherited)",
					"@executable_path/Frameworks",
				);
				PRODUCT_BUNDLE_IDENTIFIER = com.legitmichel777.carnivaladmin;
				PRODUCT_NAME = "$(TARGET_NAME)";
				SWIFT_VERSION = 5.0;
				TARGETED_DEVICE_FAMILY = "1,2";
			};
			name = Release;
		};
		F0D65398261352630086453D /* Debug */ = {
			isa = XCBuildConfiguration;
			buildSettings = {
				ALWAYS_SEARCH_USER_PATHS = NO;
				CLANG_ANALYZER_NONNULL = YES;
				CLANG_ANALYZER_NUMBER_OBJECT_CONVERSION = YES_AGGRESSIVE;
				CLANG_CXX_LANGUAGE_STANDARD = "gnu++14";
				CLANG_CXX_LIBRARY = "libc++";
				CLANG_ENABLE_MODULES = YES;
				CLANG_ENABLE_OBJC_ARC = YES;
				CLANG_ENABLE_OBJC_WEAK = YES;
				CLANG_WARN_BLOCK_CAPTURE_AUTORELEASING = YES;
				CLANG_WARN_BOOL_CONVERSION = YES;
				CLANG_WARN_COMMA = YES;
				CLANG_WARN_CONSTANT_CONVERSION = YES;
				CLANG_WARN_DEPRECATED_OBJC_IMPLEMENTATIONS = YES;
				CLANG_WARN_DIRECT_OBJC_ISA_USAGE = YES_ERROR;
				CLANG_WARN_DOCUMENTATION_COMMENTS = YES;
				CLANG_WARN_EMPTY_BODY = YES;
				CLANG_WARN_ENUM_CONVERSION = YES;
				CLANG_WARN_INFINITE_RECURSION = YES;
				CLANG_WARN_INT_CONVERSION = YES;
				CLANG_WARN_NON_LITERAL_NULL_CONVERSION = YES;
				CLANG_WARN_OBJC_IMPLICIT_RETAIN_SELF = YES;
				CLANG_WARN_OBJC_LITERAL_CONVERSION = YES;
				CLANG_WARN_OBJC_ROOT_CLASS = YES_ERROR;
				CLANG_WARN_QUOTED_INCLUDE_IN_FRAMEWORK_HEADER = YES;
				CLANG_WARN_RANGE_LOOP_ANALYSIS = YES;
				CLANG_WARN_STRICT_PROTOTYPES = YES;
				CLANG_WARN_SUSPICIOUS_MOVE = YES;
				CLANG_WARN_UNGUARDED_AVAILABILITY = YES_AGGRESSIVE;
				CLANG_WARN_UNREACHABLE_CODE = YES;
				CLANG_WARN__DUPLICATE_METHOD_MATCH = YES;
				COPY_PHASE_STRIP = NO;
				DEBUG_INFORMATION_FORMAT = dwarf;
				ENABLE_STRICT_OBJC_MSGSEND = YES;
				ENABLE_TESTABILITY = YES;
				GCC_C_LANGUAGE_STANDARD = gnu11;
				GCC_DYNAMIC_NO_PIC = NO;
				GCC_NO_COMMON_BLOCKS = YES;
				GCC_OPTIMIZATION_LEVEL = 0;
				GCC_PREPROCESSOR_DEFINITIONS = (
					"DEBUG=1",
					"$(inherited)",
				);
				GCC_WARN_64_TO_32_BIT_CONVERSION = YES;
				GCC_WARN_ABOUT_RETURN_TYPE = YES_ERROR;
				GCC_WARN_UNDECLARED_SELECTOR = YES;
				GCC_WARN_UNINITIALIZED_AUTOS = YES_AGGRESSIVE;
				GCC_WARN_UNUSED_FUNCTION = YES;
				GCC_WARN_UNUSED_VARIABLE = YES;
				IPHONEOS_DEPLOYMENT_TARGET = 14.4;
				MTL_ENABLE_DEBUG_INFO = INCLUDE_SOURCE;
				MTL_FAST_MATH = YES;
				ONLY_ACTIVE_ARCH = YES;
				SDKROOT = iphoneos;
				SWIFT_ACTIVE_COMPILATION_CONDITIONS = DEBUG;
				SWIFT_OPTIMIZATION_LEVEL = "-Onone";
			};
			name = Debug;
		};
		F0D65399261352630086453D /* Release */ = {
			isa = XCBuildConfiguration;
			buildSettings = {
				ALWAYS_SEARCH_USER_PATHS = NO;
				CLANG_ANALYZER_NONNULL = YES;
				CLANG_ANALYZER_NUMBER_OBJECT_CONVERSION = YES_AGGRESSIVE;
				CLANG_CXX_LANGUAGE_STANDARD = "gnu++14";
				CLANG_CXX_LIBRARY = "libc++";
				CLANG_ENABLE_MODULES = YES;
				CLANG_ENABLE_OBJC_ARC = YES;
				CLANG_ENABLE_OBJC_WEAK = YES;
				CLANG_WARN_BLOCK_CAPTURE_AUTORELEASING = YES;
				CLANG_WARN_BOOL_CONVERSION = YES;
				CLANG_WARN_COMMA = YES;
				CLANG_WARN_CONSTANT_CONVERSION = YES;
				CLANG_WARN_DEPRECATED_OBJC_IMPLEMENTATIONS = YES;
				CLANG_WARN_DIRECT_OBJC_ISA_USAGE = YES_ERROR;
				CLANG_WARN_DOCUMENTATION_COMMENTS = YES;
				CLANG_WARN_EMPTY_BODY = YES;
				CLANG_WARN_ENUM_CONVERSION = YES;
				CLANG_WARN_INFINITE_RECURSION = YES;
				CLANG_WARN_INT_CONVERSION = YES;
				CLANG_WARN_NON_LITERAL_NULL_CONVERSION = YES;
				CLANG_WARN_OBJC_IMPLICIT_RETAIN_SELF = YES;
				CLANG_WARN_OBJC_LITERAL_CONVERSION = YES;
				CLANG_WARN_OBJC_ROOT_CLASS = YES_ERROR;
				CLANG_WARN_QUOTED_INCLUDE_IN_FRAMEWORK_HEADER = YES;
				CLANG_WARN_RANGE_LOOP_ANALYSIS = YES;
				CLANG_WARN_STRICT_PROTOTYPES = YES;
				CLANG_WARN_SUSPICIOUS_MOVE = YES;
				CLANG_WARN_UNGUARDED_AVAILABILITY = YES_AGGRESSIVE;
				CLANG_WARN_UNREACHABLE_CODE = YES;
				CLANG_WARN__DUPLICATE_METHOD_MATCH = YES;
				COPY_PHASE_STRIP = NO;
				DEBUG_INFORMATION_FORMAT = "dwarf-with-dsym";
				ENABLE_NS_ASSERTIONS = NO;
				ENABLE_STRICT_OBJC_MSGSEND = YES;
				GCC_C_LANGUAGE_STANDARD = gnu11;
				GCC_NO_COMMON_BLOCKS = YES;
				GCC_WARN_64_TO_32_BIT_CONVERSION = YES;
				GCC_WARN_ABOUT_RETURN_TYPE = YES_ERROR;
				GCC_WARN_UNDECLARED_SELECTOR = YES;
				GCC_WARN_UNINITIALIZED_AUTOS = YES_AGGRESSIVE;
				GCC_WARN_UNUSED_FUNCTION = YES;
				GCC_WARN_UNUSED_VARIABLE = YES;
				IPHONEOS_DEPLOYMENT_TARGET = 14.4;
				MTL_ENABLE_DEBUG_INFO = NO;
				MTL_FAST_MATH = YES;
				SDKROOT = iphoneos;
				SWIFT_COMPILATION_MODE = wholemodule;
				SWIFT_OPTIMIZATION_LEVEL = "-O";
				VALIDATE_PRODUCT = YES;
			};
			name = Release;
		};
/* End XCBuildConfiguration section */

/* Begin XCConfigurationList section */
		F00104B126426BE900F14A11 /* Build configuration list for PBXNativeTarget "Carnival Clip" */ = {
			isa = XCConfigurationList;
			buildConfigurations = (
				F00104B226426BE900F14A11 /* Debug */,
				F00104B326426BE900F14A11 /* Release */,
			);
			defaultConfigurationIsVisible = 0;
			defaultConfigurationName = Release;
		};
		F00FBC302643621B00186BCB /* Build configuration list for PBXNativeTarget "carnivalmac" */ = {
			isa = XCConfigurationList;
			buildConfigurations = (
				F00FBC312643621B00186BCB /* Debug */,
				F00FBC322643621B00186BCB /* Release */,
			);
			defaultConfigurationIsVisible = 0;
			defaultConfigurationName = Release;
		};
		F092DD0726425EBA00E0B938 /* Build configuration list for PBXNativeTarget "carnival" */ = {
			isa = XCConfigurationList;
			buildConfigurations = (
				F092DD0826425EBA00E0B938 /* Debug */,
				F092DD0926425EBA00E0B938 /* Release */,
			);
			defaultConfigurationIsVisible = 0;
			defaultConfigurationName = Release;
		};
		F0C81EEB26419109005E7E3C /* Build configuration list for PBXNativeTarget "carnivaladmin" */ = {
			isa = XCConfigurationList;
			buildConfigurations = (
				F0C81EE526419109005E7E3C /* Debug */,
				F0C81EE626419109005E7E3C /* Release */,
			);
			defaultConfigurationIsVisible = 0;
			defaultConfigurationName = Release;
		};
		F0D65370261352600086453D /* Build configuration list for PBXProject "carnival" */ = {
			isa = XCConfigurationList;
			buildConfigurations = (
				F0D65398261352630086453D /* Debug */,
				F0D65399261352630086453D /* Release */,
			);
			defaultConfigurationIsVisible = 0;
			defaultConfigurationName = Release;
		};
/* End XCConfigurationList section */

/* Begin XCRemoteSwiftPackageReference section */
		F0EDFD9D2615A5230046B00F /* XCRemoteSwiftPackageReference "SwiftUIRefresh" */ = {
			isa = XCRemoteSwiftPackageReference;
			repositoryURL = "https://github.com/timbersoftware/SwiftUIRefresh.git";
			requirement = {
				branch = master;
				kind = branch;
			};
		};
/* End XCRemoteSwiftPackageReference section */

/* Begin XCSwiftPackageProductDependency section */
		F0C81EFA264191E3005E7E3C /* SwiftUIRefresh */ = {
			isa = XCSwiftPackageProductDependency;
			package = F0EDFD9D2615A5230046B00F /* XCRemoteSwiftPackageReference "SwiftUIRefresh" */;
			productName = SwiftUIRefresh;
		};
/* End XCSwiftPackageProductDependency section */
	};
	rootObject = F0D6536D261352600086453D /* Project object */;
}
